
Microsoft Visual Studio Solution File, Format Version 12.00
# Visual Studio 2015
Project("{FAE04EC0-301F-11D3-BF4B-00C04F79EFBC}") = "BBParadise_M.CSharp", "BBParadise_M.CSharp.csproj", "{99850938-FD45-1146-151D-EA17F48FFBBB}"
EndProject
Global
	GlobalSection(SolutionConfigurationPlatforms) = preSolution
		Debug|Any CPU = Debug|Any CPU
		Release|Any CPU = Release|Any CPU
	EndGlobalSection
	GlobalSection(ProjectConfigurationPlatforms) = postSolution
		{99850938-FD45-1146-151D-EA17F48FFBBB}.Debug|Any CPU.ActiveCfg = Debug|Any CPU
		{99850938-FD45-1146-151D-EA17F48FFBBB}.Debug|Any CPU.Build.0 = Debug|Any CPU
		{99850938-FD45-1146-151D-EA17F48FFBBB}.Release|Any CPU.ActiveCfg = Release|Any CPU
		{99850938-FD45-1146-151D-EA17F48FFBBB}.Release|Any CPU.Build.0 = Release|Any CPU
	EndGlobalSection
	GlobalSection(SolutionProperties) = preSolution
		HideSolutionNode = FALSE
	EndGlobalSection
EndGlobal
